// !$*UTF8*$!
{
	archiveVersion = 1;
	classes = {
	};
	objectVersion = 50;
	objects = {

/* Begin PBXBuildFile section */
		9F838219258D1A460050BB18 /* pan.c in Sources */ = {isa = PBXBuildFile; fileRef = 9F838218258D1A460050BB18 /* pan.c */; };
		9F838238258E65E60050BB18 /* main.c in Sources */ = {isa = PBXBuildFile; fileRef = 9F838237258E65E60050BB18 /* main.c */; };
		9F83823A258E66600050BB18 /* libportaudio.a in Frameworks */ = {isa = PBXBuildFile; fileRef = 9F838239258E66600050BB18 /* libportaudio.a */; };
		9F838241258E6BDA0050BB18 /* CoreServices.framework in Frameworks */ = {isa = PBXBuildFile; fileRef = 9F83823C258E6BDA0050BB18 /* CoreServices.framework */; };
		9F838242258E6BDA0050BB18 /* AudioToolbox.framework in Frameworks */ = {isa = PBXBuildFile; fileRef = 9F83823D258E6BDA0050BB18 /* AudioToolbox.framework */; };
		9F838243258E6BDA0050BB18 /* CoreAudio.framework in Frameworks */ = {isa = PBXBuildFile; fileRef = 9F83823E258E6BDA0050BB18 /* CoreAudio.framework */; };
		9F838244258E6BDA0050BB18 /* CoreFoundation.framework in Frameworks */ = {isa = PBXBuildFile; fileRef = 9F83823F258E6BDA0050BB18 /* CoreFoundation.framework */; };
		9F838245258E6BDA0050BB18 /* AudioUnit.framework in Frameworks */ = {isa = PBXBuildFile; fileRef = 9F838240258E6BDA0050BB18 /* AudioUnit.framework */; };
		9FDB977A257F95EF00CEB1CD /* main.c in Sources */ = {isa = PBXBuildFile; fileRef = 9FDB9779257F95EF00CEB1CD /* main.c */; };
		9FDB979A257FDA9000CEB1CD /* stft.c in Sources */ = {isa = PBXBuildFile; fileRef = 9FDB9799257FDA9000CEB1CD /* stft.c */; };
		9FEE5B3E258946DE0022F066 /* libportsf.a in Frameworks */ = {isa = PBXBuildFile; fileRef = 9FEE5B3825893F6C0022F066 /* libportsf.a */; };
		9FEE5B43258949C20022F066 /* libfftw3f.a in Frameworks */ = {isa = PBXBuildFile; fileRef = 9FEE5B42258949C20022F066 /* libfftw3f.a */; };
		9FF5426325800D7400B1BFA7 /* eq.c in Sources */ = {isa = PBXBuildFile; fileRef = 9FF5426225800D7400B1BFA7 /* eq.c */; };
		9FFEF2DB2593CAC500D9C4AE /* SDL2.framework in Frameworks */ = {isa = PBXBuildFile; fileRef = 9FFEF2DA2593CAC500D9C4AE /* SDL2.framework */; };
		9FFEF2DE25950BBD00D9C4AE /* graphics.c in Sources */ = {isa = PBXBuildFile; fileRef = 9FFEF2DD25950BBD00D9C4AE /* graphics.c */; };
		9FFEF2E32595122400D9C4AE /* audio.c in Sources */ = {isa = PBXBuildFile; fileRef = 9FFEF2E22595122400D9C4AE /* audio.c */; };
		9FFEF2E92599040B00D9C4AE /* libSDL2_ttf.a in Frameworks */ = {isa = PBXBuildFile; fileRef = 9FFEF2E62599040B00D9C4AE /* libSDL2_ttf.a */; };
/* End PBXBuildFile section */

/* Begin PBXCopyFilesBuildPhase section */
		9F838229258E62400050BB18 /* Copy Files */ = {
			isa = PBXCopyFilesBuildPhase;
			buildActionMask = 2147483647;
			dstPath = /usr/share/man/man1/;
			dstSubfolderSpec = 0;
			files = (
			);
			name = "Copy Files";
			runOnlyForDeploymentPostprocessing = 1;
		};
		9FDB9774257F95EF00CEB1CD /* CopyFiles */ = {
			isa = PBXCopyFilesBuildPhase;
			buildActionMask = 2147483647;
			dstPath = /usr/share/man/man1/;
			dstSubfolderSpec = 0;
			files = (
			);
			runOnlyForDeploymentPostprocessing = 1;
		};
/* End PBXCopyFilesBuildPhase section */

/* Begin PBXFileReference section */
		9F838217258D1A460050BB18 /* pan.h */ = {isa = PBXFileReference; lastKnownFileType = sourcecode.c.h; path = pan.h; sourceTree = "<group>"; };
		9F838218258D1A460050BB18 /* pan.c */ = {isa = PBXFileReference; lastKnownFileType = sourcecode.c.c; path = pan.c; sourceTree = "<group>"; };
		9F83822B258E62400050BB18 /* real_time */ = {isa = PBXFileReference; explicitFileType = "compiled.mach-o.executable"; includeInIndex = 0; path = real_time; sourceTree = BUILT_PRODUCTS_DIR; };
		9F838234258E64320050BB18 /* include */ = {isa = PBXFileReference; lastKnownFileType = folder; path = include; sourceTree = "<group>"; };
		9F838235258E64450050BB18 /* lib */ = {isa = PBXFileReference; lastKnownFileType = folder; path = lib; sourceTree = "<group>"; };
		9F838237258E65E60050BB18 /* main.c */ = {isa = PBXFileReference; lastKnownFileType = sourcecode.c.c; path = main.c; sourceTree = "<group>"; };
		9F838239258E66600050BB18 /* libportaudio.a */ = {isa = PBXFileReference; lastKnownFileType = archive.ar; name = libportaudio.a; path = library/lib/libportaudio.a; sourceTree = "<group>"; };
		9F83823C258E6BDA0050BB18 /* CoreServices.framework */ = {isa = PBXFileReference; lastKnownFileType = wrapper.framework; name = CoreServices.framework; path = System/Library/Frameworks/CoreServices.framework; sourceTree = SDKROOT; };
		9F83823D258E6BDA0050BB18 /* AudioToolbox.framework */ = {isa = PBXFileReference; lastKnownFileType = wrapper.framework; name = AudioToolbox.framework; path = System/Library/Frameworks/AudioToolbox.framework; sourceTree = SDKROOT; };
		9F83823E258E6BDA0050BB18 /* CoreAudio.framework */ = {isa = PBXFileReference; lastKnownFileType = wrapper.framework; name = CoreAudio.framework; path = System/Library/Frameworks/CoreAudio.framework; sourceTree = SDKROOT; };
		9F83823F258E6BDA0050BB18 /* CoreFoundation.framework */ = {isa = PBXFileReference; lastKnownFileType = wrapper.framework; name = CoreFoundation.framework; path = System/Library/Frameworks/CoreFoundation.framework; sourceTree = SDKROOT; };
		9F838240258E6BDA0050BB18 /* AudioUnit.framework */ = {isa = PBXFileReference; lastKnownFileType = wrapper.framework; name = AudioUnit.framework; path = System/Library/Frameworks/AudioUnit.framework; sourceTree = SDKROOT; };
		9FDB9776257F95EF00CEB1CD /* audio_programming */ = {isa = PBXFileReference; explicitFileType = "compiled.mach-o.executable"; includeInIndex = 0; path = audio_programming; sourceTree = BUILT_PRODUCTS_DIR; };
		9FDB9779257F95EF00CEB1CD /* main.c */ = {isa = PBXFileReference; lastKnownFileType = sourcecode.c.c; path = main.c; sourceTree = "<group>"; };
		9FDB978F257FB9AC00CEB1CD /* file_example_WAV_1MG.wav */ = {isa = PBXFileReference; lastKnownFileType = audio.wav; path = file_example_WAV_1MG.wav; sourceTree = "<group>"; };
		9FDB9798257FDA9000CEB1CD /* stft.h */ = {isa = PBXFileReference; lastKnownFileType = sourcecode.c.h; path = stft.h; sourceTree = "<group>"; };
		9FDB9799257FDA9000CEB1CD /* stft.c */ = {isa = PBXFileReference; lastKnownFileType = sourcecode.c.c; path = stft.c; sourceTree = "<group>"; };
		9FEE5B3825893F6C0022F066 /* libportsf.a */ = {isa = PBXFileReference; lastKnownFileType = archive.ar; name = libportsf.a; path = audio_programming/library/lib/libportsf.a; sourceTree = "<group>"; };
		9FEE5B3925893F6C0022F066 /* libfftw3f.la */ = {isa = PBXFileReference; lastKnownFileType = text; name = libfftw3f.la; path = audio_programming/library/lib/libfftw3f.la; sourceTree = "<group>"; };
		9FEE5B3C258946B00022F066 /* fftw3.h */ = {isa = PBXFileReference; lastKnownFileType = sourcecode.c.h; name = fftw3.h; path = audio_programming/library/include/fftw3.h; sourceTree = "<group>"; };
		9FEE5B3F2589473F0022F066 /* fftw3.f */ = {isa = PBXFileReference; lastKnownFileType = sourcecode.fortran; name = fftw3.f; path = audio_programming/library/lib/fftw3.f; sourceTree = "<group>"; };
		9FEE5B42258949C20022F066 /* libfftw3f.a */ = {isa = PBXFileReference; lastKnownFileType = archive.ar; name = libfftw3f.a; path = audio_programming/library/lib/libfftw3f.a; sourceTree = "<group>"; };
		9FF5426125800D7400B1BFA7 /* eq.h */ = {isa = PBXFileReference; lastKnownFileType = sourcecode.c.h; path = eq.h; sourceTree = "<group>"; };
		9FF5426225800D7400B1BFA7 /* eq.c */ = {isa = PBXFileReference; lastKnownFileType = sourcecode.c.c; path = eq.c; sourceTree = "<group>"; };
		9FFEF2DA2593CAC500D9C4AE /* SDL2.framework */ = {isa = PBXFileReference; lastKnownFileType = wrapper.framework; name = SDL2.framework; path = ../../../../../Library/Frameworks/SDL2.framework; sourceTree = "<group>"; };
		9FFEF2DD25950BBD00D9C4AE /* graphics.c */ = {isa = PBXFileReference; lastKnownFileType = sourcecode.c.c; path = graphics.c; sourceTree = "<group>"; };
		9FFEF2DF25950C4F00D9C4AE /* constants.h */ = {isa = PBXFileReference; lastKnownFileType = sourcecode.c.h; path = constants.h; sourceTree = "<group>"; };
		9FFEF2E02595103C00D9C4AE /* graphics.h */ = {isa = PBXFileReference; lastKnownFileType = sourcecode.c.h; path = graphics.h; sourceTree = "<group>"; };
		9FFEF2E12595122400D9C4AE /* audio.h */ = {isa = PBXFileReference; lastKnownFileType = sourcecode.c.h; path = audio.h; sourceTree = "<group>"; };
		9FFEF2E22595122400D9C4AE /* audio.c */ = {isa = PBXFileReference; lastKnownFileType = sourcecode.c.c; path = audio.c; sourceTree = "<group>"; };
		9FFEF2E42599040B00D9C4AE /* libSDL2_ttf.dylib */ = {isa = PBXFileReference; lastKnownFileType = "compiled.mach-o.dylib"; name = libSDL2_ttf.dylib; path = library/lib/libSDL2_ttf.dylib; sourceTree = "<group>"; };
		9FFEF2E52599040B00D9C4AE /* libSDL2_ttf-2.0.0.dylib */ = {isa = PBXFileReference; lastKnownFileType = "compiled.mach-o.dylib"; name = "libSDL2_ttf-2.0.0.dylib"; path = "library/lib/libSDL2_ttf-2.0.0.dylib"; sourceTree = "<group>"; };
		9FFEF2E62599040B00D9C4AE /* libSDL2_ttf.a */ = {isa = PBXFileReference; lastKnownFileType = archive.ar; name = libSDL2_ttf.a; path = library/lib/libSDL2_ttf.a; sourceTree = "<group>"; };
/* End PBXFileReference section */

/* Begin PBXFrameworksBuildPhase section */
		9F838228258E62400050BB18 /* Frameworks */ = {
			isa = PBXFrameworksBuildPhase;
			buildActionMask = 2147483647;
			files = (
				9FFEF2E92599040B00D9C4AE /* libSDL2_ttf.a in Frameworks */,
				9FFEF2DB2593CAC500D9C4AE /* SDL2.framework in Frameworks */,
				9F838241258E6BDA0050BB18 /* CoreServices.framework in Frameworks */,
				9F838242258E6BDA0050BB18 /* AudioToolbox.framework in Frameworks */,
				9F838243258E6BDA0050BB18 /* CoreAudio.framework in Frameworks */,
				9F838244258E6BDA0050BB18 /* CoreFoundation.framework in Frameworks */,
				9F838245258E6BDA0050BB18 /* AudioUnit.framework in Frameworks */,
				9F83823A258E66600050BB18 /* libportaudio.a in Frameworks */,
			);
			runOnlyForDeploymentPostprocessing = 0;
		};
		9FDB9773257F95EF00CEB1CD /* Frameworks */ = {
			isa = PBXFrameworksBuildPhase;
			buildActionMask = 2147483647;
			files = (
				9FEE5B43258949C20022F066 /* libfftw3f.a in Frameworks */,
				9FEE5B3E258946DE0022F066 /* libportsf.a in Frameworks */,
			);
			runOnlyForDeploymentPostprocessing = 0;
		};
/* End PBXFrameworksBuildPhase section */

/* Begin PBXGroup section */
		9F838233258E640F0050BB18 /* library */ = {
			isa = PBXGroup;
			children = (
				9F838235258E64450050BB18 /* lib */,
				9F838234258E64320050BB18 /* include */,
			);
			path = library;
			sourceTree = "<group>";
		};
		9F838236258E65D60050BB18 /* real_time */ = {
			isa = PBXGroup;
			children = (
				9F838237258E65E60050BB18 /* main.c */,
				9FFEF2DF25950C4F00D9C4AE /* constants.h */,
				9FFEF2E02595103C00D9C4AE /* graphics.h */,
				9FFEF2DD25950BBD00D9C4AE /* graphics.c */,
				9FFEF2E12595122400D9C4AE /* audio.h */,
				9FFEF2E22595122400D9C4AE /* audio.c */,
			);
			path = real_time;
			sourceTree = "<group>";
		};
		9FDB976D257F95EF00CEB1CD = {
			isa = PBXGroup;
			children = (
				9F838236258E65D60050BB18 /* real_time */,
				9F838233258E640F0050BB18 /* library */,
				9FDB9778257F95EF00CEB1CD /* audio_programming */,
				9FDB9777257F95EF00CEB1CD /* Products */,
				9FEE5B3725893F6B0022F066 /* Frameworks */,
			);
			sourceTree = "<group>";
		};
		9FDB9777257F95EF00CEB1CD /* Products */ = {
			isa = PBXGroup;
			children = (
				9FDB9776257F95EF00CEB1CD /* audio_programming */,
				9F83822B258E62400050BB18 /* real_time */,
			);
			name = Products;
			sourceTree = "<group>";
		};
		9FDB9778257F95EF00CEB1CD /* audio_programming */ = {
			isa = PBXGroup;
			children = (
				9FDB9779257F95EF00CEB1CD /* main.c */,
				9FDB978F257FB9AC00CEB1CD /* file_example_WAV_1MG.wav */,
				9FDB9798257FDA9000CEB1CD /* stft.h */,
				9FDB9799257FDA9000CEB1CD /* stft.c */,
				9FF5426125800D7400B1BFA7 /* eq.h */,
				9FF5426225800D7400B1BFA7 /* eq.c */,
				9F838217258D1A460050BB18 /* pan.h */,
				9F838218258D1A460050BB18 /* pan.c */,
			);
			path = audio_programming;
			sourceTree = "<group>";
		};
		9FEE5B3725893F6B0022F066 /* Frameworks */ = {
			isa = PBXGroup;
			children = (
				9FFEF2E52599040B00D9C4AE /* libSDL2_ttf-2.0.0.dylib */,
				9FFEF2E62599040B00D9C4AE /* libSDL2_ttf.a */,
				9FFEF2E42599040B00D9C4AE /* libSDL2_ttf.dylib */,
				9FFEF2DA2593CAC500D9C4AE /* SDL2.framework */,
				9F83823D258E6BDA0050BB18 /* AudioToolbox.framework */,
				9F838240258E6BDA0050BB18 /* AudioUnit.framework */,
				9F83823E258E6BDA0050BB18 /* CoreAudio.framework */,
				9F83823F258E6BDA0050BB18 /* CoreFoundation.framework */,
				9F83823C258E6BDA0050BB18 /* CoreServices.framework */,
				9F838239258E66600050BB18 /* libportaudio.a */,
				9FEE5B42258949C20022F066 /* libfftw3f.a */,
				9FEE5B3F2589473F0022F066 /* fftw3.f */,
				9FEE5B3C258946B00022F066 /* fftw3.h */,
				9FEE5B3925893F6C0022F066 /* libfftw3f.la */,
				9FEE5B3825893F6C0022F066 /* libportsf.a */,
			);
			name = Frameworks;
			sourceTree = "<group>";
		};
/* End PBXGroup section */

/* Begin PBXNativeTarget section */
		9F83822A258E62400050BB18 /* real_time */ = {
			isa = PBXNativeTarget;
			buildConfigurationList = 9F83822F258E62400050BB18 /* Build configuration list for PBXNativeTarget "real_time" */;
			buildPhases = (
				9F838227258E62400050BB18 /* Sources */,
				9F838228258E62400050BB18 /* Frameworks */,
				9F838229258E62400050BB18 /* Copy Files */,
			);
			buildRules = (
			);
			dependencies = (
			);
			name = real_time;
			productName = real_time;
			productReference = 9F83822B258E62400050BB18 /* real_time */;
			productType = "com.apple.product-type.tool";
		};
		9FDB9775257F95EF00CEB1CD /* audio_programming */ = {
			isa = PBXNativeTarget;
			buildConfigurationList = 9FDB977D257F95EF00CEB1CD /* Build configuration list for PBXNativeTarget "audio_programming" */;
			buildPhases = (
				9FDB9772257F95EF00CEB1CD /* Sources */,
				9FDB9773257F95EF00CEB1CD /* Frameworks */,
				9FDB9774257F95EF00CEB1CD /* CopyFiles */,
			);
			buildRules = (
			);
			dependencies = (
			);
			name = audio_programming;
			productName = audio_programming;
			productReference = 9FDB9776257F95EF00CEB1CD /* audio_programming */;
			productType = "com.apple.product-type.tool";
		};
/* End PBXNativeTarget section */

/* Begin PBXProject section */
		9FDB976E257F95EF00CEB1CD /* Project object */ = {
			isa = PBXProject;
			attributes = {
				LastUpgradeCheck = 1130;
				ORGANIZATIONNAME = "Biagio Luglio";
				TargetAttributes = {
					9F83822A258E62400050BB18 = {
						CreatedOnToolsVersion = 11.3.1;
					};
					9FDB9775257F95EF00CEB1CD = {
						CreatedOnToolsVersion = 11.3.1;
					};
				};
			};
			buildConfigurationList = 9FDB9771257F95EF00CEB1CD /* Build configuration list for PBXProject "audio_programming" */;
			compatibilityVersion = "Xcode 9.3";
			developmentRegion = en;
			hasScannedForEncodings = 0;
			knownRegions = (
				en,
				Base,
			);
			mainGroup = 9FDB976D257F95EF00CEB1CD;
			productRefGroup = 9FDB9777257F95EF00CEB1CD /* Products */;
			projectDirPath = "";
			projectRoot = "";
			targets = (
				9FDB9775257F95EF00CEB1CD /* audio_programming */,
				9F83822A258E62400050BB18 /* real_time */,
			);
		};
/* End PBXProject section */

/* Begin PBXSourcesBuildPhase section */
		9F838227258E62400050BB18 /* Sources */ = {
			isa = PBXSourcesBuildPhase;
			buildActionMask = 2147483647;
			files = (
				9FFEF2E32595122400D9C4AE /* audio.c in Sources */,
				9FFEF2DE25950BBD00D9C4AE /* graphics.c in Sources */,
				9F838238258E65E60050BB18 /* main.c in Sources */,
			);
			runOnlyForDeploymentPostprocessing = 0;
		};
		9FDB9772257F95EF00CEB1CD /* Sources */ = {
			isa = PBXSourcesBuildPhase;
			buildActionMask = 2147483647;
			files = (
				9FDB979A257FDA9000CEB1CD /* stft.c in Sources */,
				9F838219258D1A460050BB18 /* pan.c in Sources */,
				9FF5426325800D7400B1BFA7 /* eq.c in Sources */,
				9FDB977A257F95EF00CEB1CD /* main.c in Sources */,
			);
			runOnlyForDeploymentPostprocessing = 0;
		};
/* End PBXSourcesBuildPhase section */

/* Begin XCBuildConfiguration section */
		9F838230258E62400050BB18 /* Debug */ = {
			isa = XCBuildConfiguration;
			buildSettings = {
				CODE_SIGN_STYLE = Automatic;
				FRAMEWORK_SEARCH_PATHS = (
					"$(inherited)",
					"$(PROJECT_DIR)/library/lib",
					"$(PROJECT_DIR)/library/frameworks",
					"$(LOCAL_LIBRARY_DIR)/Frameworks",
				);
				"HEADER_SEARCH_PATHS[arch=*]" = (
					"${PROJECT_DIR}/library/include",
					/usr/local/include/SDL2,
				);
				LIBRARY_SEARCH_PATHS = (
					"$(inherited)",
					"$(PROJECT_DIR)/library/lib",
					/usr/local/lib,
				);
				"LIBRARY_SEARCH_PATHS[arch=*]" = (
					"$(inherited)",
					"$(PROJECT_DIR)/library/lib",
					/usr/local/lib,
				);
				OTHER_LDFLAGS = "";
				PRODUCT_NAME = "$(TARGET_NAME)";
			};
			name = Debug;
		};
		9F838231258E62400050BB18 /* Release */ = {
			isa = XCBuildConfiguration;
			buildSettings = {
				CODE_SIGN_STYLE = Automatic;
				FRAMEWORK_SEARCH_PATHS = (
					"$(inherited)",
					"$(PROJECT_DIR)/library/lib",
					"$(PROJECT_DIR)/library/frameworks",
					"$(LOCAL_LIBRARY_DIR)/Frameworks",
				);
				"HEADER_SEARCH_PATHS[arch=*]" = "${PROJECT_DIR}/library/include";
				LIBRARY_SEARCH_PATHS = (
					"$(PROJECT_DIR)/library/lib",
					/usr/local/lib,
				);
				"LIBRARY_SEARCH_PATHS[arch=*]" = (
					"$(PROJECT_DIR)/library/lib",
					/usr/local/lib,
				);
				OTHER_LDFLAGS = "";
				PRODUCT_NAME = "$(TARGET_NAME)";
			};
			name = Release;
		};
		9FDB977B257F95EF00CEB1CD /* Debug */ = {
			isa = XCBuildConfiguration;
			buildSettings = {
				ALWAYS_SEARCH_USER_PATHS = NO;
				CLANG_ANALYZER_NONNULL = YES;
				CLANG_ANALYZER_NUMBER_OBJECT_CONVERSION = YES_AGGRESSIVE;
				CLANG_CXX_LANGUAGE_STANDARD = "gnu++14";
				CLANG_CXX_LIBRARY = "libc++";
				CLANG_ENABLE_MODULES = YES;
				CLANG_ENABLE_OBJC_ARC = YES;
				CLANG_ENABLE_OBJC_WEAK = YES;
				CLANG_WARN_BLOCK_CAPTURE_AUTORELEASING = YES;
				CLANG_WARN_BOOL_CONVERSION = YES;
				CLANG_WARN_COMMA = YES;
				CLANG_WARN_CONSTANT_CONVERSION = YES;
				CLANG_WARN_DEPRECATED_OBJC_IMPLEMENTATIONS = YES;
				CLANG_WARN_DIRECT_OBJC_ISA_USAGE = YES_ERROR;
				CLANG_WARN_DOCUMENTATION_COMMENTS = YES;
				CLANG_WARN_EMPTY_BODY = YES;
				CLANG_WARN_ENUM_CONVERSION = YES;
				CLANG_WARN_INFINITE_RECURSION = YES;
				CLANG_WARN_INT_CONVERSION = YES;
				CLANG_WARN_NON_LITERAL_NULL_CONVERSION = YES;
				CLANG_WARN_OBJC_IMPLICIT_RETAIN_SELF = YES;
				CLANG_WARN_OBJC_LITERAL_CONVERSION = YES;
				CLANG_WARN_OBJC_ROOT_CLASS = YES_ERROR;
				CLANG_WARN_RANGE_LOOP_ANALYSIS = YES;
				CLANG_WARN_STRICT_PROTOTYPES = YES;
				CLANG_WARN_SUSPICIOUS_MOVE = YES;
				CLANG_WARN_UNGUARDED_AVAILABILITY = YES_AGGRESSIVE;
				CLANG_WARN_UNREACHABLE_CODE = YES;
				CLANG_WARN__DUPLICATE_METHOD_MATCH = YES;
				COPY_PHASE_STRIP = NO;
				DEBUG_INFORMATION_FORMAT = dwarf;
				ENABLE_STRICT_OBJC_MSGSEND = YES;
				ENABLE_TESTABILITY = YES;
				GCC_C_LANGUAGE_STANDARD = gnu11;
				GCC_DYNAMIC_NO_PIC = NO;
				GCC_NO_COMMON_BLOCKS = YES;
				GCC_OPTIMIZATION_LEVEL = 0;
				GCC_PREPROCESSOR_DEFINITIONS = (
					"DEBUG=1",
					"$(inherited)",
				);
				GCC_WARN_64_TO_32_BIT_CONVERSION = YES;
				GCC_WARN_ABOUT_RETURN_TYPE = YES_ERROR;
				GCC_WARN_UNDECLARED_SELECTOR = YES;
				GCC_WARN_UNINITIALIZED_AUTOS = YES_AGGRESSIVE;
				GCC_WARN_UNUSED_FUNCTION = YES;
				GCC_WARN_UNUSED_VARIABLE = YES;
				MACOSX_DEPLOYMENT_TARGET = 10.15;
				MTL_ENABLE_DEBUG_INFO = INCLUDE_SOURCE;
				MTL_FAST_MATH = YES;
				ONLY_ACTIVE_ARCH = YES;
				SDKROOT = macosx;
			};
			name = Debug;
		};
		9FDB977C257F95EF00CEB1CD /* Release */ = {
			isa = XCBuildConfiguration;
			buildSettings = {
				ALWAYS_SEARCH_USER_PATHS = NO;
				CLANG_ANALYZER_NONNULL = YES;
				CLANG_ANALYZER_NUMBER_OBJECT_CONVERSION = YES_AGGRESSIVE;
				CLANG_CXX_LANGUAGE_STANDARD = "gnu++14";
				CLANG_CXX_LIBRARY = "libc++";
				CLANG_ENABLE_MODULES = YES;
				CLANG_ENABLE_OBJC_ARC = YES;
				CLANG_ENABLE_OBJC_WEAK = YES;
				CLANG_WARN_BLOCK_CAPTURE_AUTORELEASING = YES;
				CLANG_WARN_BOOL_CONVERSION = YES;
				CLANG_WARN_COMMA = YES;
				CLANG_WARN_CONSTANT_CONVERSION = YES;
				CLANG_WARN_DEPRECATED_OBJC_IMPLEMENTATIONS = YES;
				CLANG_WARN_DIRECT_OBJC_ISA_USAGE = YES_ERROR;
				CLANG_WARN_DOCUMENTATION_COMMENTS = YES;
				CLANG_WARN_EMPTY_BODY = YES;
				CLANG_WARN_ENUM_CONVERSION = YES;
				CLANG_WARN_INFINITE_RECURSION = YES;
				CLANG_WARN_INT_CONVERSION = YES;
				CLANG_WARN_NON_LITERAL_NULL_CONVERSION = YES;
				CLANG_WARN_OBJC_IMPLICIT_RETAIN_SELF = YES;
				CLANG_WARN_OBJC_LITERAL_CONVERSION = YES;
				CLANG_WARN_OBJC_ROOT_CLASS = YES_ERROR;
				CLANG_WARN_RANGE_LOOP_ANALYSIS = YES;
				CLANG_WARN_STRICT_PROTOTYPES = YES;
				CLANG_WARN_SUSPICIOUS_MOVE = YES;
				CLANG_WARN_UNGUARDED_AVAILABILITY = YES_AGGRESSIVE;
				CLANG_WARN_UNREACHABLE_CODE = YES;
				CLANG_WARN__DUPLICATE_METHOD_MATCH = YES;
				COPY_PHASE_STRIP = NO;
				DEBUG_INFORMATION_FORMAT = "dwarf-with-dsym";
				ENABLE_NS_ASSERTIONS = NO;
				ENABLE_STRICT_OBJC_MSGSEND = YES;
				GCC_C_LANGUAGE_STANDARD = gnu11;
				GCC_NO_COMMON_BLOCKS = YES;
				GCC_WARN_64_TO_32_BIT_CONVERSION = YES;
				GCC_WARN_ABOUT_RETURN_TYPE = YES_ERROR;
				GCC_WARN_UNDECLARED_SELECTOR = YES;
				GCC_WARN_UNINITIALIZED_AUTOS = YES_AGGRESSIVE;
				GCC_WARN_UNUSED_FUNCTION = YES;
				GCC_WARN_UNUSED_VARIABLE = YES;
				MACOSX_DEPLOYMENT_TARGET = 10.15;
				MTL_ENABLE_DEBUG_INFO = NO;
				MTL_FAST_MATH = YES;
				SDKROOT = macosx;
			};
			name = Release;
		};
		9FDB977E257F95EF00CEB1CD /* Debug */ = {
			isa = XCBuildConfiguration;
			buildSettings = {
				CODE_SIGN_STYLE = Automatic;
				"HEADER_SEARCH_PATHS[arch=*]" = "${PROJECT_DIR}/library/include";
				LIBRARY_SEARCH_PATHS = (
					"$(inherited)",
					"$(PROJECT_DIR)/library/lib",
				);
				"LIBRARY_SEARCH_PATHS[arch=*]" = "$(PROJECT_DIR)/library/lib";
				PRODUCT_NAME = "$(TARGET_NAME)";
			};
			name = Debug;
		};
		9FDB977F257F95EF00CEB1CD /* Release */ = {
			isa = XCBuildConfiguration;
			buildSettings = {
				CODE_SIGN_STYLE = Automatic;
				"HEADER_SEARCH_PATHS[arch=*]" = "${PROJECT_DIR}/library/include";
				LIBRARY_SEARCH_PATHS = (
					"$(inherited)",
					"$(PROJECT_DIR)/library/lib",
				);
				"LIBRARY_SEARCH_PATHS[arch=*]" = "$(PROJECT_DIR)/library/lib";
				OTHER_LDFLAGS = "";
				PRODUCT_NAME = "$(TARGET_NAME)";
			};
			name = Release;
		};
/* End XCBuildConfiguration section */

/* Begin XCConfigurationList section */
		9F83822F258E62400050BB18 /* Build configuration list for PBXNativeTarget "real_time" */ = {
			isa = XCConfigurationList;
			buildConfigurations = (
				9F838230258E62400050BB18 /* Debug */,
				9F838231258E62400050BB18 /* Release */,
			);
			defaultConfigurationIsVisible = 0;
			defaultConfigurationName = Release;
		};
		9FDB9771257F95EF00CEB1CD /* Build configuration list for PBXProject "audio_programming" */ = {
			isa = XCConfigurationList;
			buildConfigurations = (
				9FDB977B257F95EF00CEB1CD /* Debug */,
				9FDB977C257F95EF00CEB1CD /* Release */,
			);
			defaultConfigurationIsVisible = 0;
			defaultConfigurationName = Release;
		};
		9FDB977D257F95EF00CEB1CD /* Build configuration list for PBXNativeTarget "audio_programming" */ = {
			isa = XCConfigurationList;
			buildConfigurations = (
				9FDB977E257F95EF00CEB1CD /* Debug */,
				9FDB977F257F95EF00CEB1CD /* Release */,
			);
			defaultConfigurationIsVisible = 0;
			defaultConfigurationName = Release;
		};
/* End XCConfigurationList section */
	};
	rootObject = 9FDB976E257F95EF00CEB1CD /* Project object */;
}
